
Microsoft Visual Studio Solution File, Format Version 12.00
# Visual Studio Version 17
VisualStudioVersion = 17.9.34728.123
MinimumVisualStudioVersion = 10.0.40219.1
Project("{FAE04EC0-301F-11D3-BF4B-00C04F79EFBC}") = "BitMatrix", "BitMatrix\BitMatrix.csproj", "{2BADC15F-1E35-405A-8202-F64A266B17B9}"
EndProject
Project("{FAE04EC0-301F-11D3-BF4B-00C04F79EFBC}") = "ClassLibrary", "ClassLibrary\ClassLibrary.csproj", "{3CE4D75F-0511-41A1-9065-B1C4E655435D}"
EndProject
Global
	GlobalSection(SolutionConfigurationPlatforms) = preSolution
		Debug|Any CPU = Debug|Any CPU
		Release|Any CPU = Release|Any CPU
	EndGlobalSection
	GlobalSection(ProjectConfigurationPlatforms) = postSolution
		{2BADC15F-1E35-405A-8202-F64A266B17B9}.Debug|Any CPU.ActiveCfg = Debug|Any CPU
		{2BADC15F-1E35-405A-8202-F64A266B17B9}.Debug|Any CPU.Build.0 = Debug|Any CPU
		{2BADC15F-1E35-405A-8202-F64A266B17B9}.Release|Any CPU.ActiveCfg = Release|Any CPU
		{2BADC15F-1E35-405A-8202-F64A266B17B9}.Release|Any CPU.Build.0 = Release|Any CPU
		{3CE4D75F-0511-41A1-9065-B1C4E655435D}.Debug|Any CPU.ActiveCfg = Debug|Any CPU
		{3CE4D75F-0511-41A1-9065-B1C4E655435D}.Debug|Any CPU.Build.0 = Debug|Any CPU
		{3CE4D75F-0511-41A1-9065-B1C4E655435D}.Release|Any CPU.ActiveCfg = Release|Any CPU
		{3CE4D75F-0511-41A1-9065-B1C4E655435D}.Release|Any CPU.Build.0 = Release|Any CPU
	EndGlobalSection
	GlobalSection(SolutionProperties) = preSolution
		HideSolutionNode = FALSE
	EndGlobalSection
	GlobalSection(ExtensibilityGlobals) = postSolution
		SolutionGuid = {B2715701-DA07-4AA3-9A4A-AE7454F0D4C0}
	EndGlobalSection
EndGlobal
